
Microsoft Visual Studio Solution File, Format Version 12.00
# Visual Studio Version 17
VisualStudioVersion = 17.0.31612.314
MinimumVisualStudioVersion = 10.0.40219.1
Project("{2150E333-8FDC-42A3-9474-1A3956D46DE8}") = "SQLiteKei.Tests", "SQLiteKei.Tests", "{5229F847-85A7-48F2-BCD1-2F833DEB1936}"
EndProject
Project("{2150E333-8FDC-42A3-9474-1A3956D46DE8}") = "SQLiteKei", "SQLiteKei", "{A5A2EE66-01FA-47FF-9DE1-7DE03C30A83E}"
EndProject
Project("{FAE04EC0-301F-11D3-BF4B-00C04F79EFBC}") = "SQLiteKei", "SQLiteKei\SQLiteKei.csproj", "{6810210E-7314-43E2-BAAA-AD2500A06C8E}"
EndProject
Project("{FAE04EC0-301F-11D3-BF4B-00C04F79EFBC}") = "SQLiteKei.UnitTests", "SQLiteKei.UnitTests\SQLiteKei.UnitTests.csproj", "{83E6B6B0-67F8-41A9-BF13-F9A8C09E5D18}"
EndProject
Project("{FAE04EC0-301F-11D3-BF4B-00C04F79EFBC}") = "SQLiteKei.IntegrationTests", "SQLiteKei.IntegrationTests\SQLiteKei.IntegrationTests.csproj", "{B2836A30-68E9-4578-96EF-6A658759F08D}"
EndProject
Project("{FAE04EC0-301F-11D3-BF4B-00C04F79EFBC}") = "SQLiteKei.DataAccess", "SQLiteKei.DataAccess\SQLiteKei.DataAccess.csproj", "{ECFE5E99-4122-4170-A95D-38BE00509E0C}"
EndProject
Project("{FAE04EC0-301F-11D3-BF4B-00C04F79EFBC}") = "SQLiteKei.DataAccess.UnitTests", "SQLiteKei.DataAccess.UnitTests\SQLiteKei.DataAccess.UnitTests.csproj", "{B8CCDA2A-9117-4674-B452-E2ACF430AA39}"
EndProject
Project("{9A19103F-16F7-4668-BE54-9A1E7A4F7556}") = "SQLite.WPF.Demo", "SQLite.WPF.Demo\SQLite.WPF.Demo.csproj", "{D50E20B1-2616-45C2-B1AF-18CDE81BCD39}"
EndProject
Project("{9A19103F-16F7-4668-BE54-9A1E7A4F7556}") = "Utility.Database.SQLite.Common", "Utility.SQLite\Utility.Database.SQLite.Common.csproj", "{F1179D0C-B68D-4B1F-AAB6-E1F5647F334A}"
EndProject
Project("{9A19103F-16F7-4668-BE54-9A1E7A4F7556}") = "Database.WPF", "SQLite.WPF\Database.WPF.csproj", "{3795B2D4-5D19-4222-A1A9-DC8ECD2B5332}"
EndProject
Project("{2150E333-8FDC-42A3-9474-1A3956D46DE8}") = "App", "App", "{6304ED5B-E2BC-4F10-9EAD-02955BE0665C}"
EndProject
Project("{9A19103F-16F7-4668-BE54-9A1E7A4F7556}") = "Database.ViewModel", "SQLite.ViewModel\Database.ViewModel.csproj", "{1CAA7AAA-EE53-4834-8939-8CFE1E1C9194}"
EndProject
Project("{9A19103F-16F7-4668-BE54-9A1E7A4F7556}") = "Database.Common", "SQLite.Common\Database.Common.csproj", "{E342C6B6-8077-411D-B85E-32740ABD20D8}"
EndProject
Project("{9A19103F-16F7-4668-BE54-9A1E7A4F7556}") = "Database.Data", "SQLite.Data\Database.Data.csproj", "{CE040D24-B9CF-485F-BC22-8E586BEAF6FE}"
EndProject
Project("{9A19103F-16F7-4668-BE54-9A1E7A4F7556}") = "Utility.Database.Common", "Utility.Database\Utility.Database.Common.csproj", "{FE22D43B-13B0-493E-A5EF-659DA7E6570C}"
EndProject
Project("{9A19103F-16F7-4668-BE54-9A1E7A4F7556}") = "Utility.WPF.Chart", "Utility.WPF.Chart\Utility.WPF.Chart.csproj", "{4B336D8F-635E-43BD-B454-23ED578B34B4}"
EndProject
Project("{9A19103F-16F7-4668-BE54-9A1E7A4F7556}") = "Sandbox", "Sandbox\Sandbox.csproj", "{C1F69928-ED6A-4826-8AD4-61081AA07C6A}"
EndProject
Project("{9A19103F-16F7-4668-BE54-9A1E7A4F7556}") = "Utility.Chart.Common", "Utility.Chart\Utility.Chart.Common.csproj", "{DE5103B3-EF3F-495B-9AA1-B5DD5ED32C2B}"
EndProject
Project("{9A19103F-16F7-4668-BE54-9A1E7A4F7556}") = "Utility.Entity", "Utility\Utility.Entity.csproj", "{81A0B84A-F677-4F87-94D4-566844986459}"
EndProject
Project("{9A19103F-16F7-4668-BE54-9A1E7A4F7556}") = "Database.Service", "SQLite.Service\Database.Service.csproj", "{B78D2E4D-31C7-4B4C-8C66-D794E6415DF8}"
EndProject
Project("{9A19103F-16F7-4668-BE54-9A1E7A4F7556}") = "Utility.WPF", "Utility.WPF\Utility.WPF.csproj", "{77096B11-D93B-4DD3-8C77-BCCA68B28011}"
EndProject
Project("{9A19103F-16F7-4668-BE54-9A1E7A4F7556}") = "Utility.ViewModel", "Utility.ViewModel\Utility.ViewModel.csproj", "{136CA292-88EA-43C0-872C-AE909203A7E6}"
EndProject
Project("{9A19103F-16F7-4668-BE54-9A1E7A4F7556}") = "Utility.Common", "Utility.Common\Utility.Common.csproj", "{DE5BC83C-CBA0-47C1-96E5-C4B9F9D9050E}"
EndProject
Project("{9A19103F-16F7-4668-BE54-9A1E7A4F7556}") = "Utility.Service", "Utility.Service\Utility.Service.csproj", "{3F20F6D1-12F8-4434-A1EE-331DEE67756B}"
EndProject
Project("{9A19103F-16F7-4668-BE54-9A1E7A4F7556}") = "Utility.WPF.Common", "Utility.WPF.Common\Utility.WPF.Common.csproj", "{1964C5D1-3662-42D4-975D-E8EF6CFC899D}"
EndProject
Project("{9A19103F-16F7-4668-BE54-9A1E7A4F7556}") = "Utility.ViewModel.Base", "Utility.ViewModel.Base\Utility.ViewModel.Base.csproj", "{08D3B266-137D-4BEB-A613-C7277339B553}"
EndProject
Project("{9A19103F-16F7-4668-BE54-9A1E7A4F7556}") = "Utility.Common.Base", "Utility.Common.Base\Utility.Common.Base.csproj", "{0F42E9FB-F1BE-4D53-B933-C7DE7D80CFE0}"
EndProject
Project("{9A19103F-16F7-4668-BE54-9A1E7A4F7556}") = "Utility.WPF.Service", "Utility.WPF.Service\Utility.WPF.Service.csproj", "{AF2D75ED-15F0-477E-AFDA-8D38C9A5BB1C}"
EndProject
Project("{9A19103F-16F7-4668-BE54-9A1E7A4F7556}") = "SQLite.Utility", "SQLite.Utility\SQLite.Utility.csproj", "{7AFFD1F4-3290-42CA-A04B-B3DBB260AD6F}"
EndProject
Project("{9A19103F-16F7-4668-BE54-9A1E7A4F7556}") = "Utility.Database.Query", "Utility.Database.Query\Utility.Database.Query.csproj", "{EC536182-A4EF-4A12-9954-7F423D4781AD}"
EndProject
Project("{2150E333-8FDC-42A3-9474-1A3956D46DE8}") = "Database", "Database", "{2922CF6E-73E5-4527-A989-F42B7C2DE51A}"
EndProject
Project("{9A19103F-16F7-4668-BE54-9A1E7A4F7556}") = "Utility.Utility", "Utility.Utility\Utility.Utility.csproj", "{6F60C2C5-10CE-4ADD-89C5-FCD9B1E86C75}"
EndProject
Project("{9A19103F-16F7-4668-BE54-9A1E7A4F7556}") = "Database.Entity", "Database.Entity\Database.Entity.csproj", "{31D299B2-D46B-46BB-98C6-A6038709B7BC}"
EndProject
Project("{FAE04EC0-301F-11D3-BF4B-00C04F79EFBC}") = "Utility.WPF.Demo", "Utility.WPF.Demo\Utility.WPF.Demo.csproj", "{60CE4C89-A84F-4FD7-928C-A9930C69D334}"
EndProject
Global
	GlobalSection(SolutionConfigurationPlatforms) = preSolution
		Debug|Any CPU = Debug|Any CPU
		Release|Any CPU = Release|Any CPU
	EndGlobalSection
	GlobalSection(ProjectConfigurationPlatforms) = postSolution
		{6810210E-7314-43E2-BAAA-AD2500A06C8E}.Debug|Any CPU.ActiveCfg = Debug|Any CPU
		{6810210E-7314-43E2-BAAA-AD2500A06C8E}.Debug|Any CPU.Build.0 = Debug|Any CPU
		{6810210E-7314-43E2-BAAA-AD2500A06C8E}.Release|Any CPU.ActiveCfg = Release|Any CPU
		{6810210E-7314-43E2-BAAA-AD2500A06C8E}.Release|Any CPU.Build.0 = Release|Any CPU
		{83E6B6B0-67F8-41A9-BF13-F9A8C09E5D18}.Debug|Any CPU.ActiveCfg = Debug|Any CPU
		{83E6B6B0-67F8-41A9-BF13-F9A8C09E5D18}.Debug|Any CPU.Build.0 = Debug|Any CPU
		{83E6B6B0-67F8-41A9-BF13-F9A8C09E5D18}.Release|Any CPU.ActiveCfg = Release|Any CPU
		{83E6B6B0-67F8-41A9-BF13-F9A8C09E5D18}.Release|Any CPU.Build.0 = Release|Any CPU
		{B2836A30-68E9-4578-96EF-6A658759F08D}.Debug|Any CPU.ActiveCfg = Debug|Any CPU
		{B2836A30-68E9-4578-96EF-6A658759F08D}.Debug|Any CPU.Build.0 = Debug|Any CPU
		{B2836A30-68E9-4578-96EF-6A658759F08D}.Release|Any CPU.ActiveCfg = Release|Any CPU
		{B2836A30-68E9-4578-96EF-6A658759F08D}.Release|Any CPU.Build.0 = Release|Any CPU
		{ECFE5E99-4122-4170-A95D-38BE00509E0C}.Debug|Any CPU.ActiveCfg = Debug|Any CPU
		{ECFE5E99-4122-4170-A95D-38BE00509E0C}.Debug|Any CPU.Build.0 = Debug|Any CPU
		{ECFE5E99-4122-4170-A95D-38BE00509E0C}.Release|Any CPU.ActiveCfg = Release|Any CPU
		{ECFE5E99-4122-4170-A95D-38BE00509E0C}.Release|Any CPU.Build.0 = Release|Any CPU
		{B8CCDA2A-9117-4674-B452-E2ACF430AA39}.Debug|Any CPU.ActiveCfg = Debug|Any CPU
		{B8CCDA2A-9117-4674-B452-E2ACF430AA39}.Debug|Any CPU.Build.0 = Debug|Any CPU
		{B8CCDA2A-9117-4674-B452-E2ACF430AA39}.Release|Any CPU.ActiveCfg = Release|Any CPU
		{B8CCDA2A-9117-4674-B452-E2ACF430AA39}.Release|Any CPU.Build.0 = Release|Any CPU
		{D50E20B1-2616-45C2-B1AF-18CDE81BCD39}.Debug|Any CPU.ActiveCfg = Debug|Any CPU
		{D50E20B1-2616-45C2-B1AF-18CDE81BCD39}.Debug|Any CPU.Build.0 = Debug|Any CPU
		{D50E20B1-2616-45C2-B1AF-18CDE81BCD39}.Release|Any CPU.ActiveCfg = Release|Any CPU
		{D50E20B1-2616-45C2-B1AF-18CDE81BCD39}.Release|Any CPU.Build.0 = Release|Any CPU
		{F1179D0C-B68D-4B1F-AAB6-E1F5647F334A}.Debug|Any CPU.ActiveCfg = Debug|Any CPU
		{F1179D0C-B68D-4B1F-AAB6-E1F5647F334A}.Debug|Any CPU.Build.0 = Debug|Any CPU
		{F1179D0C-B68D-4B1F-AAB6-E1F5647F334A}.Release|Any CPU.ActiveCfg = Release|Any CPU
		{F1179D0C-B68D-4B1F-AAB6-E1F5647F334A}.Release|Any CPU.Build.0 = Release|Any CPU
		{3795B2D4-5D19-4222-A1A9-DC8ECD2B5332}.Debug|Any CPU.ActiveCfg = Debug|Any CPU
		{3795B2D4-5D19-4222-A1A9-DC8ECD2B5332}.Debug|Any CPU.Build.0 = Debug|Any CPU
		{3795B2D4-5D19-4222-A1A9-DC8ECD2B5332}.Release|Any CPU.ActiveCfg = Release|Any CPU
		{3795B2D4-5D19-4222-A1A9-DC8ECD2B5332}.Release|Any CPU.Build.0 = Release|Any CPU
		{1CAA7AAA-EE53-4834-8939-8CFE1E1C9194}.Debug|Any CPU.ActiveCfg = Debug|Any CPU
		{1CAA7AAA-EE53-4834-8939-8CFE1E1C9194}.Debug|Any CPU.Build.0 = Debug|Any CPU
		{1CAA7AAA-EE53-4834-8939-8CFE1E1C9194}.Release|Any CPU.ActiveCfg = Release|Any CPU
		{1CAA7AAA-EE53-4834-8939-8CFE1E1C9194}.Release|Any CPU.Build.0 = Release|Any CPU
		{E342C6B6-8077-411D-B85E-32740ABD20D8}.Debug|Any CPU.ActiveCfg = Debug|Any CPU
		{E342C6B6-8077-411D-B85E-32740ABD20D8}.Debug|Any CPU.Build.0 = Debug|Any CPU
		{E342C6B6-8077-411D-B85E-32740ABD20D8}.Release|Any CPU.ActiveCfg = Release|Any CPU
		{E342C6B6-8077-411D-B85E-32740ABD20D8}.Release|Any CPU.Build.0 = Release|Any CPU
		{CE040D24-B9CF-485F-BC22-8E586BEAF6FE}.Debug|Any CPU.ActiveCfg = Debug|Any CPU
		{CE040D24-B9CF-485F-BC22-8E586BEAF6FE}.Debug|Any CPU.Build.0 = Debug|Any CPU
		{CE040D24-B9CF-485F-BC22-8E586BEAF6FE}.Release|Any CPU.ActiveCfg = Release|Any CPU
		{CE040D24-B9CF-485F-BC22-8E586BEAF6FE}.Release|Any CPU.Build.0 = Release|Any CPU
		{FE22D43B-13B0-493E-A5EF-659DA7E6570C}.Debug|Any CPU.ActiveCfg = Debug|Any CPU
		{FE22D43B-13B0-493E-A5EF-659DA7E6570C}.Debug|Any CPU.Build.0 = Debug|Any CPU
		{FE22D43B-13B0-493E-A5EF-659DA7E6570C}.Release|Any CPU.ActiveCfg = Release|Any CPU
		{FE22D43B-13B0-493E-A5EF-659DA7E6570C}.Release|Any CPU.Build.0 = Release|Any CPU
		{4B336D8F-635E-43BD-B454-23ED578B34B4}.Debug|Any CPU.ActiveCfg = Debug|Any CPU
		{4B336D8F-635E-43BD-B454-23ED578B34B4}.Debug|Any CPU.Build.0 = Debug|Any CPU
		{4B336D8F-635E-43BD-B454-23ED578B34B4}.Release|Any CPU.ActiveCfg = Release|Any CPU
		{4B336D8F-635E-43BD-B454-23ED578B34B4}.Release|Any CPU.Build.0 = Release|Any CPU
		{C1F69928-ED6A-4826-8AD4-61081AA07C6A}.Debug|Any CPU.ActiveCfg = Debug|Any CPU
		{C1F69928-ED6A-4826-8AD4-61081AA07C6A}.Debug|Any CPU.Build.0 = Debug|Any CPU
		{C1F69928-ED6A-4826-8AD4-61081AA07C6A}.Release|Any CPU.ActiveCfg = Release|Any CPU
		{C1F69928-ED6A-4826-8AD4-61081AA07C6A}.Release|Any CPU.Build.0 = Release|Any CPU
		{DE5103B3-EF3F-495B-9AA1-B5DD5ED32C2B}.Debug|Any CPU.ActiveCfg = Debug|Any CPU
		{DE5103B3-EF3F-495B-9AA1-B5DD5ED32C2B}.Debug|Any CPU.Build.0 = Debug|Any CPU
		{DE5103B3-EF3F-495B-9AA1-B5DD5ED32C2B}.Release|Any CPU.ActiveCfg = Release|Any CPU
		{DE5103B3-EF3F-495B-9AA1-B5DD5ED32C2B}.Release|Any CPU.Build.0 = Release|Any CPU
		{81A0B84A-F677-4F87-94D4-566844986459}.Debug|Any CPU.ActiveCfg = Debug|Any CPU
		{81A0B84A-F677-4F87-94D4-566844986459}.Debug|Any CPU.Build.0 = Debug|Any CPU
		{81A0B84A-F677-4F87-94D4-566844986459}.Release|Any CPU.ActiveCfg = Release|Any CPU
		{81A0B84A-F677-4F87-94D4-566844986459}.Release|Any CPU.Build.0 = Release|Any CPU
		{B78D2E4D-31C7-4B4C-8C66-D794E6415DF8}.Debug|Any CPU.ActiveCfg = Debug|Any CPU
		{B78D2E4D-31C7-4B4C-8C66-D794E6415DF8}.Debug|Any CPU.Build.0 = Debug|Any CPU
		{B78D2E4D-31C7-4B4C-8C66-D794E6415DF8}.Release|Any CPU.ActiveCfg = Release|Any CPU
		{B78D2E4D-31C7-4B4C-8C66-D794E6415DF8}.Release|Any CPU.Build.0 = Release|Any CPU
		{77096B11-D93B-4DD3-8C77-BCCA68B28011}.Debug|Any CPU.ActiveCfg = Debug|Any CPU
		{77096B11-D93B-4DD3-8C77-BCCA68B28011}.Debug|Any CPU.Build.0 = Debug|Any CPU
		{77096B11-D93B-4DD3-8C77-BCCA68B28011}.Release|Any CPU.ActiveCfg = Release|Any CPU
		{77096B11-D93B-4DD3-8C77-BCCA68B28011}.Release|Any CPU.Build.0 = Release|Any CPU
		{136CA292-88EA-43C0-872C-AE909203A7E6}.Debug|Any CPU.ActiveCfg = Debug|Any CPU
		{136CA292-88EA-43C0-872C-AE909203A7E6}.Debug|Any CPU.Build.0 = Debug|Any CPU
		{136CA292-88EA-43C0-872C-AE909203A7E6}.Release|Any CPU.ActiveCfg = Release|Any CPU
		{136CA292-88EA-43C0-872C-AE909203A7E6}.Release|Any CPU.Build.0 = Release|Any CPU
		{DE5BC83C-CBA0-47C1-96E5-C4B9F9D9050E}.Debug|Any CPU.ActiveCfg = Debug|Any CPU
		{DE5BC83C-CBA0-47C1-96E5-C4B9F9D9050E}.Debug|Any CPU.Build.0 = Debug|Any CPU
		{DE5BC83C-CBA0-47C1-96E5-C4B9F9D9050E}.Release|Any CPU.ActiveCfg = Release|Any CPU
		{DE5BC83C-CBA0-47C1-96E5-C4B9F9D9050E}.Release|Any CPU.Build.0 = Release|Any CPU
		{3F20F6D1-12F8-4434-A1EE-331DEE67756B}.Debug|Any CPU.ActiveCfg = Debug|Any CPU
		{3F20F6D1-12F8-4434-A1EE-331DEE67756B}.Debug|Any CPU.Build.0 = Debug|Any CPU
		{3F20F6D1-12F8-4434-A1EE-331DEE67756B}.Release|Any CPU.ActiveCfg = Release|Any CPU
		{3F20F6D1-12F8-4434-A1EE-331DEE67756B}.Release|Any CPU.Build.0 = Release|Any CPU
		{1964C5D1-3662-42D4-975D-E8EF6CFC899D}.Debug|Any CPU.ActiveCfg = Debug|Any CPU
		{1964C5D1-3662-42D4-975D-E8EF6CFC899D}.Debug|Any CPU.Build.0 = Debug|Any CPU
		{1964C5D1-3662-42D4-975D-E8EF6CFC899D}.Release|Any CPU.ActiveCfg = Release|Any CPU
		{1964C5D1-3662-42D4-975D-E8EF6CFC899D}.Release|Any CPU.Build.0 = Release|Any CPU
		{08D3B266-137D-4BEB-A613-C7277339B553}.Debug|Any CPU.ActiveCfg = Debug|Any CPU
		{08D3B266-137D-4BEB-A613-C7277339B553}.Debug|Any CPU.Build.0 = Debug|Any CPU
		{08D3B266-137D-4BEB-A613-C7277339B553}.Release|Any CPU.ActiveCfg = Release|Any CPU
		{08D3B266-137D-4BEB-A613-C7277339B553}.Release|Any CPU.Build.0 = Release|Any CPU
		{0F42E9FB-F1BE-4D53-B933-C7DE7D80CFE0}.Debug|Any CPU.ActiveCfg = Debug|Any CPU
		{0F42E9FB-F1BE-4D53-B933-C7DE7D80CFE0}.Debug|Any CPU.Build.0 = Debug|Any CPU
		{0F42E9FB-F1BE-4D53-B933-C7DE7D80CFE0}.Release|Any CPU.ActiveCfg = Release|Any CPU
		{0F42E9FB-F1BE-4D53-B933-C7DE7D80CFE0}.Release|Any CPU.Build.0 = Release|Any CPU
		{AF2D75ED-15F0-477E-AFDA-8D38C9A5BB1C}.Debug|Any CPU.ActiveCfg = Debug|Any CPU
		{AF2D75ED-15F0-477E-AFDA-8D38C9A5BB1C}.Debug|Any CPU.Build.0 = Debug|Any CPU
		{AF2D75ED-15F0-477E-AFDA-8D38C9A5BB1C}.Release|Any CPU.ActiveCfg = Release|Any CPU
		{AF2D75ED-15F0-477E-AFDA-8D38C9A5BB1C}.Release|Any CPU.Build.0 = Release|Any CPU
		{7AFFD1F4-3290-42CA-A04B-B3DBB260AD6F}.Debug|Any CPU.ActiveCfg = Debug|Any CPU
		{7AFFD1F4-3290-42CA-A04B-B3DBB260AD6F}.Debug|Any CPU.Build.0 = Debug|Any CPU
		{7AFFD1F4-3290-42CA-A04B-B3DBB260AD6F}.Release|Any CPU.ActiveCfg = Release|Any CPU
		{7AFFD1F4-3290-42CA-A04B-B3DBB260AD6F}.Release|Any CPU.Build.0 = Release|Any CPU
		{EC536182-A4EF-4A12-9954-7F423D4781AD}.Debug|Any CPU.ActiveCfg = Debug|Any CPU
		{EC536182-A4EF-4A12-9954-7F423D4781AD}.Debug|Any CPU.Build.0 = Debug|Any CPU
		{EC536182-A4EF-4A12-9954-7F423D4781AD}.Release|Any CPU.ActiveCfg = Release|Any CPU
		{EC536182-A4EF-4A12-9954-7F423D4781AD}.Release|Any CPU.Build.0 = Release|Any CPU
		{6F60C2C5-10CE-4ADD-89C5-FCD9B1E86C75}.Debug|Any CPU.ActiveCfg = Debug|Any CPU
		{6F60C2C5-10CE-4ADD-89C5-FCD9B1E86C75}.Debug|Any CPU.Build.0 = Debug|Any CPU
		{6F60C2C5-10CE-4ADD-89C5-FCD9B1E86C75}.Release|Any CPU.ActiveCfg = Release|Any CPU
		{6F60C2C5-10CE-4ADD-89C5-FCD9B1E86C75}.Release|Any CPU.Build.0 = Release|Any CPU
		{31D299B2-D46B-46BB-98C6-A6038709B7BC}.Debug|Any CPU.ActiveCfg = Debug|Any CPU
		{31D299B2-D46B-46BB-98C6-A6038709B7BC}.Debug|Any CPU.Build.0 = Debug|Any CPU
		{31D299B2-D46B-46BB-98C6-A6038709B7BC}.Release|Any CPU.ActiveCfg = Release|Any CPU
		{31D299B2-D46B-46BB-98C6-A6038709B7BC}.Release|Any CPU.Build.0 = Release|Any CPU
		{60CE4C89-A84F-4FD7-928C-A9930C69D334}.Debug|Any CPU.ActiveCfg = Debug|Any CPU
		{60CE4C89-A84F-4FD7-928C-A9930C69D334}.Debug|Any CPU.Build.0 = Debug|Any CPU
		{60CE4C89-A84F-4FD7-928C-A9930C69D334}.Release|Any CPU.ActiveCfg = Release|Any CPU
		{60CE4C89-A84F-4FD7-928C-A9930C69D334}.Release|Any CPU.Build.0 = Release|Any CPU
	EndGlobalSection
	GlobalSection(SolutionProperties) = preSolution
		HideSolutionNode = FALSE
	EndGlobalSection
	GlobalSection(NestedProjects) = preSolution
		{6810210E-7314-43E2-BAAA-AD2500A06C8E} = {A5A2EE66-01FA-47FF-9DE1-7DE03C30A83E}
		{83E6B6B0-67F8-41A9-BF13-F9A8C09E5D18} = {5229F847-85A7-48F2-BCD1-2F833DEB1936}
		{B2836A30-68E9-4578-96EF-6A658759F08D} = {5229F847-85A7-48F2-BCD1-2F833DEB1936}
		{ECFE5E99-4122-4170-A95D-38BE00509E0C} = {A5A2EE66-01FA-47FF-9DE1-7DE03C30A83E}
		{B8CCDA2A-9117-4674-B452-E2ACF430AA39} = {5229F847-85A7-48F2-BCD1-2F833DEB1936}
		{D50E20B1-2616-45C2-B1AF-18CDE81BCD39} = {6304ED5B-E2BC-4F10-9EAD-02955BE0665C}
		{3795B2D4-5D19-4222-A1A9-DC8ECD2B5332} = {2922CF6E-73E5-4527-A989-F42B7C2DE51A}
		{1CAA7AAA-EE53-4834-8939-8CFE1E1C9194} = {2922CF6E-73E5-4527-A989-F42B7C2DE51A}
		{E342C6B6-8077-411D-B85E-32740ABD20D8} = {2922CF6E-73E5-4527-A989-F42B7C2DE51A}
		{CE040D24-B9CF-485F-BC22-8E586BEAF6FE} = {2922CF6E-73E5-4527-A989-F42B7C2DE51A}
		{C1F69928-ED6A-4826-8AD4-61081AA07C6A} = {6304ED5B-E2BC-4F10-9EAD-02955BE0665C}
		{B78D2E4D-31C7-4B4C-8C66-D794E6415DF8} = {2922CF6E-73E5-4527-A989-F42B7C2DE51A}
		{31D299B2-D46B-46BB-98C6-A6038709B7BC} = {2922CF6E-73E5-4527-A989-F42B7C2DE51A}
		{60CE4C89-A84F-4FD7-928C-A9930C69D334} = {6304ED5B-E2BC-4F10-9EAD-02955BE0665C}
	EndGlobalSection
	GlobalSection(ExtensibilityGlobals) = postSolution
		SolutionGuid = {6A5D0842-6616-4F1E-97F6-EDB3B23FBB12}
	EndGlobalSection
EndGlobal
